// !$*UTF8*$!
{
	archiveVersion = 1;
	classes = {
	};
	objectVersion = 46;
	objects = {

/* Begin PBXBuildFile section */
		7004B9351C44154500583D09 /* AppDelegate.swift in Sources */ = {isa = PBXBuildFile; fileRef = 7004B9341C44154500583D09 /* AppDelegate.swift */; };
		7004B93A1C44154500583D09 /* Main.storyboard in Resources */ = {isa = PBXBuildFile; fileRef = 7004B9381C44154500583D09 /* Main.storyboard */; };
		7004B93D1C44154500583D09 /* Stegotweet.xcdatamodeld in Sources */ = {isa = PBXBuildFile; fileRef = 7004B93B1C44154500583D09 /* Stegotweet.xcdatamodeld */; };
		7004B93F1C44154500583D09 /* Assets.xcassets in Resources */ = {isa = PBXBuildFile; fileRef = 7004B93E1C44154500583D09 /* Assets.xcassets */; };
		7004B9421C44154500583D09 /* LaunchScreen.storyboard in Resources */ = {isa = PBXBuildFile; fileRef = 7004B9401C44154500583D09 /* LaunchScreen.storyboard */; };
		7004B94D1C44154500583D09 /* StegotweetTests.swift in Sources */ = {isa = PBXBuildFile; fileRef = 7004B94C1C44154500583D09 /* StegotweetTests.swift */; };
		7004B9581C44154500583D09 /* StegotweetUITests.swift in Sources */ = {isa = PBXBuildFile; fileRef = 7004B9571C44154500583D09 /* StegotweetUITests.swift */; };
		70271FCF1C7B74840079DD9B /* CIStegoFilter.swift in Sources */ = {isa = PBXBuildFile; fileRef = 70271FCE1C7B74840079DD9B /* CIStegoFilter.swift */; };
		70271FD11C7BA9970079DD9B /* image.jpg in Resources */ = {isa = PBXBuildFile; fileRef = 70271FD01C7BA9970079DD9B /* image.jpg */; };
		7096D43D1CB98D25003ACD60 /* EmojiConverter.swift in Sources */ = {isa = PBXBuildFile; fileRef = 7096D43C1CB98D25003ACD60 /* EmojiConverter.swift */; };
		7096D43F1CB99620003ACD60 /* PublicKeyHelper.swift in Sources */ = {isa = PBXBuildFile; fileRef = 7096D43E1CB99620003ACD60 /* PublicKeyHelper.swift */; };
		7096D4611CC3F149003ACD60 /* LockedConversationVC.swift in Sources */ = {isa = PBXBuildFile; fileRef = 7096D4601CC3F149003ACD60 /* LockedConversationVC.swift */; };
		7096D4631CC3F15B003ACD60 /* UnlockedConversationVC.swift in Sources */ = {isa = PBXBuildFile; fileRef = 7096D4621CC3F15B003ACD60 /* UnlockedConversationVC.swift */; };
		7098306A1C6A2EA0006E37CD /* TwitterAPI.swift in Sources */ = {isa = PBXBuildFile; fileRef = 709830691C6A2EA0006E37CD /* TwitterAPI.swift */; };
		7098306D1C6A31A3006E37CD /* Conversation.swift in Sources */ = {isa = PBXBuildFile; fileRef = 7098306C1C6A31A3006E37CD /* Conversation.swift */; };
		7098306F1C6A32A5006E37CD /* Line.swift in Sources */ = {isa = PBXBuildFile; fileRef = 7098306E1C6A32A5006E37CD /* Line.swift */; };
		709830721C6A3AA8006E37CD /* ConversationTVCell.swift in Sources */ = {isa = PBXBuildFile; fileRef = 709830711C6A3AA8006E37CD /* ConversationTVCell.swift */; };
		709830741C6A69FF006E37CD /* TweetTVCell.swift in Sources */ = {isa = PBXBuildFile; fileRef = 709830731C6A69FF006E37CD /* TweetTVCell.swift */; };
		709830761C6C7FE5006E37CD /* NewTweetVC.swift in Sources */ = {isa = PBXBuildFile; fileRef = 709830751C6C7FE5006E37CD /* NewTweetVC.swift */; };
		70BC85581C63CF4000018AFA /* ConversationVC.swift in Sources */ = {isa = PBXBuildFile; fileRef = 70BC85571C63CF4000018AFA /* ConversationVC.swift */; };
		70BC855C1C63CF7000018AFA /* ImageDecipherVC.swift in Sources */ = {isa = PBXBuildFile; fileRef = 70BC855B1C63CF7000018AFA /* ImageDecipherVC.swift */; };
		70BC855E1C63CF8000018AFA /* ImageEmbedderVC.swift in Sources */ = {isa = PBXBuildFile; fileRef = 70BC855D1C63CF8000018AFA /* ImageEmbedderVC.swift */; };
		70BC85601C63CF9800018AFA /* ChatTVC.swift in Sources */ = {isa = PBXBuildFile; fileRef = 70BC855F1C63CF9800018AFA /* ChatTVC.swift */; };
		70FF637A1CC3FE6500F9E767 /* LeftLockedTVC.swift in Sources */ = {isa = PBXBuildFile; fileRef = 70FF63791CC3FE6500F9E767 /* LeftLockedTVC.swift */; };
		70FF637C1CC3FEF900F9E767 /* RightLockedTVC.swift in Sources */ = {isa = PBXBuildFile; fileRef = 70FF637B1CC3FEF900F9E767 /* RightLockedTVC.swift */; };
/* End PBXBuildFile section */

/* Begin PBXContainerItemProxy section */
		7004B9491C44154500583D09 /* PBXContainerItemProxy */ = {
			isa = PBXContainerItemProxy;
			containerPortal = 7004B9291C44154500583D09 /* Project object */;
			proxyType = 1;
			remoteGlobalIDString = 7004B9301C44154500583D09;
			remoteInfo = Stegotweet;
		};
		7004B9541C44154500583D09 /* PBXContainerItemProxy */ = {
			isa = PBXContainerItemProxy;
			containerPortal = 7004B9291C44154500583D09 /* Project object */;
			proxyType = 1;
			remoteGlobalIDString = 7004B9301C44154500583D09;
			remoteInfo = Stegotweet;
		};
		7096D4471CBA7A18003ACD60 /* PBXContainerItemProxy */ = {
			isa = PBXContainerItemProxy;
			containerPortal = 7096D4401CBA7A18003ACD60 /* Heimdall.xcodeproj */;
			proxyType = 2;
			remoteGlobalIDString = 8E866C541AE8FBEC005682A2;
			remoteInfo = Heimdall;
		};
		7096D4491CBA7A18003ACD60 /* PBXContainerItemProxy */ = {
			isa = PBXContainerItemProxy;
			containerPortal = 7096D4401CBA7A18003ACD60 /* Heimdall.xcodeproj */;
			proxyType = 2;
			remoteGlobalIDString = 59B0020E1BE2D1410020EF3D;
			remoteInfo = "Heimdall-TVOS";
		};
		7096D44B1CBA7A18003ACD60 /* PBXContainerItemProxy */ = {
			isa = PBXContainerItemProxy;
			containerPortal = 7096D4401CBA7A18003ACD60 /* Heimdall.xcodeproj */;
			proxyType = 2;
			remoteGlobalIDString = 8E866C5F1AE8FBEC005682A2;
			remoteInfo = HeimdallTests;
		};
		7096D44D1CBA7A18003ACD60 /* PBXContainerItemProxy */ = {
			isa = PBXContainerItemProxy;
			containerPortal = 7096D4401CBA7A18003ACD60 /* Heimdall.xcodeproj */;
			proxyType = 2;
			remoteGlobalIDString = 8E38307A1AFE176A007E4235;
			remoteInfo = CommonCrypto;
		};
		7096D4501CBA7A73003ACD60 /* PBXContainerItemProxy */ = {
			isa = PBXContainerItemProxy;
			containerPortal = 7096D4401CBA7A18003ACD60 /* Heimdall.xcodeproj */;
			proxyType = 1;
			remoteGlobalIDString = 8E866C531AE8FBEC005682A2;
			remoteInfo = Heimdall;
		};
/* End PBXContainerItemProxy section */

/* Begin PBXFileReference section */
		7004B9311C44154500583D09 /* Stegotweet.app */ = {isa = PBXFileReference; explicitFileType = wrapper.application; includeInIndex = 0; path = Stegotweet.app; sourceTree = BUILT_PRODUCTS_DIR; };
		7004B9341C44154500583D09 /* AppDelegate.swift */ = {isa = PBXFileReference; lastKnownFileType = sourcecode.swift; path = AppDelegate.swift; sourceTree = "<group>"; };
		7004B9391C44154500583D09 /* Base */ = {isa = PBXFileReference; lastKnownFileType = file.storyboard; name = Base; path = Base.lproj/Main.storyboard; sourceTree = "<group>"; };
		7004B93C1C44154500583D09 /* Stegotweet.xcdatamodel */ = {isa = PBXFileReference; lastKnownFileType = wrapper.xcdatamodel; path = Stegotweet.xcdatamodel; sourceTree = "<group>"; };
		7004B93E1C44154500583D09 /* Assets.xcassets */ = {isa = PBXFileReference; lastKnownFileType = folder.assetcatalog; path = Assets.xcassets; sourceTree = "<group>"; };
		7004B9411C44154500583D09 /* Base */ = {isa = PBXFileReference; lastKnownFileType = file.storyboard; name = Base; path = Base.lproj/LaunchScreen.storyboard; sourceTree = "<group>"; };
		7004B9431C44154500583D09 /* Info.plist */ = {isa = PBXFileReference; lastKnownFileType = text.plist.xml; path = Info.plist; sourceTree = "<group>"; };
		7004B9481C44154500583D09 /* StegotweetTests.xctest */ = {isa = PBXFileReference; explicitFileType = wrapper.cfbundle; includeInIndex = 0; path = StegotweetTests.xctest; sourceTree = BUILT_PRODUCTS_DIR; };
		7004B94C1C44154500583D09 /* StegotweetTests.swift */ = {isa = PBXFileReference; lastKnownFileType = sourcecode.swift; path = StegotweetTests.swift; sourceTree = "<group>"; };
		7004B94E1C44154500583D09 /* Info.plist */ = {isa = PBXFileReference; lastKnownFileType = text.plist.xml; path = Info.plist; sourceTree = "<group>"; };
		7004B9531C44154500583D09 /* StegotweetUITests.xctest */ = {isa = PBXFileReference; explicitFileType = wrapper.cfbundle; includeInIndex = 0; path = StegotweetUITests.xctest; sourceTree = BUILT_PRODUCTS_DIR; };
		7004B9571C44154500583D09 /* StegotweetUITests.swift */ = {isa = PBXFileReference; lastKnownFileType = sourcecode.swift; path = StegotweetUITests.swift; sourceTree = "<group>"; };
		7004B9591C44154500583D09 /* Info.plist */ = {isa = PBXFileReference; lastKnownFileType = text.plist.xml; path = Info.plist; sourceTree = "<group>"; };
		70271FCE1C7B74840079DD9B /* CIStegoFilter.swift */ = {isa = PBXFileReference; fileEncoding = 4; lastKnownFileType = sourcecode.swift; path = CIStegoFilter.swift; sourceTree = "<group>"; };
		70271FD01C7BA9970079DD9B /* image.jpg */ = {isa = PBXFileReference; lastKnownFileType = image.jpeg; path = image.jpg; sourceTree = "<group>"; };
		7096D43C1CB98D25003ACD60 /* EmojiConverter.swift */ = {isa = PBXFileReference; fileEncoding = 4; lastKnownFileType = sourcecode.swift; path = EmojiConverter.swift; sourceTree = "<group>"; };
		7096D43E1CB99620003ACD60 /* PublicKeyHelper.swift */ = {isa = PBXFileReference; fileEncoding = 4; lastKnownFileType = sourcecode.swift; path = PublicKeyHelper.swift; sourceTree = "<group>"; };
		7096D4401CBA7A18003ACD60 /* Heimdall.xcodeproj */ = {isa = PBXFileReference; lastKnownFileType = "wrapper.pb-project"; name = Heimdall.xcodeproj; path = Heimdall/Heimdall.xcodeproj; sourceTree = "<group>"; };
		7096D4601CC3F149003ACD60 /* LockedConversationVC.swift */ = {isa = PBXFileReference; fileEncoding = 4; lastKnownFileType = sourcecode.swift; path = LockedConversationVC.swift; sourceTree = "<group>"; };
		7096D4621CC3F15B003ACD60 /* UnlockedConversationVC.swift */ = {isa = PBXFileReference; fileEncoding = 4; lastKnownFileType = sourcecode.swift; path = UnlockedConversationVC.swift; sourceTree = "<group>"; };
		709830691C6A2EA0006E37CD /* TwitterAPI.swift */ = {isa = PBXFileReference; fileEncoding = 4; lastKnownFileType = sourcecode.swift; path = TwitterAPI.swift; sourceTree = "<group>"; };
		7098306C1C6A31A3006E37CD /* Conversation.swift */ = {isa = PBXFileReference; fileEncoding = 4; lastKnownFileType = sourcecode.swift; path = Conversation.swift; sourceTree = "<group>"; };
		7098306E1C6A32A5006E37CD /* Line.swift */ = {isa = PBXFileReference; fileEncoding = 4; lastKnownFileType = sourcecode.swift; path = Line.swift; sourceTree = "<group>"; };
		709830711C6A3AA8006E37CD /* ConversationTVCell.swift */ = {isa = PBXFileReference; fileEncoding = 4; lastKnownFileType = sourcecode.swift; path = ConversationTVCell.swift; sourceTree = "<group>"; };
		709830731C6A69FF006E37CD /* TweetTVCell.swift */ = {isa = PBXFileReference; fileEncoding = 4; lastKnownFileType = sourcecode.swift; path = TweetTVCell.swift; sourceTree = "<group>"; };
		709830751C6C7FE5006E37CD /* NewTweetVC.swift */ = {isa = PBXFileReference; fileEncoding = 4; lastKnownFileType = sourcecode.swift; path = NewTweetVC.swift; sourceTree = "<group>"; };
		70BC85571C63CF4000018AFA /* ConversationVC.swift */ = {isa = PBXFileReference; fileEncoding = 4; lastKnownFileType = sourcecode.swift; path = ConversationVC.swift; sourceTree = "<group>"; };
		70BC855B1C63CF7000018AFA /* ImageDecipherVC.swift */ = {isa = PBXFileReference; fileEncoding = 4; lastKnownFileType = sourcecode.swift; path = ImageDecipherVC.swift; sourceTree = "<group>"; };
		70BC855D1C63CF8000018AFA /* ImageEmbedderVC.swift */ = {isa = PBXFileReference; fileEncoding = 4; lastKnownFileType = sourcecode.swift; path = ImageEmbedderVC.swift; sourceTree = "<group>"; };
		70BC855F1C63CF9800018AFA /* ChatTVC.swift */ = {isa = PBXFileReference; fileEncoding = 4; lastKnownFileType = sourcecode.swift; path = ChatTVC.swift; sourceTree = "<group>"; };
		70FF63791CC3FE6500F9E767 /* LeftLockedTVC.swift */ = {isa = PBXFileReference; fileEncoding = 4; lastKnownFileType = sourcecode.swift; path = LeftLockedTVC.swift; sourceTree = "<group>"; };
		70FF637B1CC3FEF900F9E767 /* RightLockedTVC.swift */ = {isa = PBXFileReference; fileEncoding = 4; lastKnownFileType = sourcecode.swift; path = RightLockedTVC.swift; sourceTree = "<group>"; };
/* End PBXFileReference section */

/* Begin PBXFrameworksBuildPhase section */
		7004B92E1C44154500583D09 /* Frameworks */ = {
			isa = PBXFrameworksBuildPhase;
			buildActionMask = 2147483647;
			files = (
			);
			runOnlyForDeploymentPostprocessing = 0;
		};
		7004B9451C44154500583D09 /* Frameworks */ = {
			isa = PBXFrameworksBuildPhase;
			buildActionMask = 2147483647;
			files = (
			);
			runOnlyForDeploymentPostprocessing = 0;
		};
		7004B9501C44154500583D09 /* Frameworks */ = {
			isa = PBXFrameworksBuildPhase;
			buildActionMask = 2147483647;
			files = (
			);
			runOnlyForDeploymentPostprocessing = 0;
		};
/* End PBXFrameworksBuildPhase section */

/* Begin PBXGroup section */
		7004B9281C44154500583D09 = {
			isa = PBXGroup;
			children = (
				7096D4401CBA7A18003ACD60 /* Heimdall.xcodeproj */,
				7004B9331C44154500583D09 /* Stegotweet */,
				7004B94B1C44154500583D09 /* StegotweetTests */,
				7004B9561C44154500583D09 /* StegotweetUITests */,
				7004B9321C44154500583D09 /* Products */,
			);
			sourceTree = "<group>";
		};
		7004B9321C44154500583D09 /* Products */ = {
			isa = PBXGroup;
			children = (
				7004B9311C44154500583D09 /* Stegotweet.app */,
				7004B9481C44154500583D09 /* StegotweetTests.xctest */,
				7004B9531C44154500583D09 /* StegotweetUITests.xctest */,
			);
			name = Products;
			sourceTree = "<group>";
		};
		7004B9331C44154500583D09 /* Stegotweet */ = {
			isa = PBXGroup;
			children = (
				70271FD01C7BA9970079DD9B /* image.jpg */,
				709830701C6A3A8A006E37CD /* Views */,
				7098306B1C6A3181006E37CD /* Models */,
				709830681C6A2E7D006E37CD /* Twitter */,
				70BC85561C63CBEC00018AFA /* CIFilters */,
				7004B9341C44154500583D09 /* AppDelegate.swift */,
				7004B9381C44154500583D09 /* Main.storyboard */,
				7004B93E1C44154500583D09 /* Assets.xcassets */,
				7004B9401C44154500583D09 /* LaunchScreen.storyboard */,
				7004B9431C44154500583D09 /* Info.plist */,
				7004B93B1C44154500583D09 /* Stegotweet.xcdatamodeld */,
			);
			path = Stegotweet;
			sourceTree = "<group>";
		};
		7004B94B1C44154500583D09 /* StegotweetTests */ = {
			isa = PBXGroup;
			children = (
				7004B94C1C44154500583D09 /* StegotweetTests.swift */,
				7004B94E1C44154500583D09 /* Info.plist */,
			);
			path = StegotweetTests;
			sourceTree = "<group>";
		};
		7004B9561C44154500583D09 /* StegotweetUITests */ = {
			isa = PBXGroup;
			children = (
				7004B9571C44154500583D09 /* StegotweetUITests.swift */,
				7004B9591C44154500583D09 /* Info.plist */,
			);
			path = StegotweetUITests;
			sourceTree = "<group>";
		};
		7096D4411CBA7A18003ACD60 /* Products */ = {
			isa = PBXGroup;
			children = (
				7096D4481CBA7A18003ACD60 /* Heimdall.framework */,
				7096D44A1CBA7A18003ACD60 /* Heimdall.framework */,
				7096D44C1CBA7A18003ACD60 /* HeimdallTests.xctest */,
				7096D44E1CBA7A18003ACD60 /* CommonCrypto.framework */,
			);
			name = Products;
			sourceTree = "<group>";
		};
		709830681C6A2E7D006E37CD /* Twitter */ = {
			isa = PBXGroup;
			children = (
				709830691C6A2EA0006E37CD /* TwitterAPI.swift */,
				7096D43C1CB98D25003ACD60 /* EmojiConverter.swift */,
				7096D43E1CB99620003ACD60 /* PublicKeyHelper.swift */,
			);
			name = Twitter;
			sourceTree = "<group>";
		};
		7098306B1C6A3181006E37CD /* Models */ = {
			isa = PBXGroup;
			children = (
				7098306C1C6A31A3006E37CD /* Conversation.swift */,
				7098306E1C6A32A5006E37CD /* Line.swift */,
			);
			name = Models;
			sourceTree = "<group>";
		};
		709830701C6A3A8A006E37CD /* Views */ = {
			isa = PBXGroup;
			children = (
				70BC85571C63CF4000018AFA /* ConversationVC.swift */,
				70BC855B1C63CF7000018AFA /* ImageDecipherVC.swift */,
				70BC855D1C63CF8000018AFA /* ImageEmbedderVC.swift */,
				70BC855F1C63CF9800018AFA /* ChatTVC.swift */,
				709830711C6A3AA8006E37CD /* ConversationTVCell.swift */,
				709830731C6A69FF006E37CD /* TweetTVCell.swift */,
				709830751C6C7FE5006E37CD /* NewTweetVC.swift */,
				7096D4601CC3F149003ACD60 /* LockedConversationVC.swift */,
				7096D4621CC3F15B003ACD60 /* UnlockedConversationVC.swift */,
				70FF63791CC3FE6500F9E767 /* LeftLockedTVC.swift */,
				70FF637B1CC3FEF900F9E767 /* RightLockedTVC.swift */,
			);
			name = Views;
			sourceTree = "<group>";
		};
		70BC85561C63CBEC00018AFA /* CIFilters */ = {
			isa = PBXGroup;
			children = (
				70271FCE1C7B74840079DD9B /* CIStegoFilter.swift */,
			);
			name = CIFilters;
			sourceTree = "<group>";
		};
/* End PBXGroup section */

/* Begin PBXNativeTarget section */
		7004B9301C44154500583D09 /* Stegotweet */ = {
			isa = PBXNativeTarget;
			buildConfigurationList = 7004B95C1C44154500583D09 /* Build configuration list for PBXNativeTarget "Stegotweet" */;
			buildPhases = (
				7004B92D1C44154500583D09 /* Sources */,
				7004B92E1C44154500583D09 /* Frameworks */,
				7004B92F1C44154500583D09 /* Resources */,
			);
			buildRules = (
			);
			dependencies = (
				7096D4511CBA7A73003ACD60 /* PBXTargetDependency */,
			);
			name = Stegotweet;
			productName = Stegotweet;
			productReference = 7004B9311C44154500583D09 /* Stegotweet.app */;
			productType = "com.apple.product-type.application";
		};
		7004B9471C44154500583D09 /* StegotweetTests */ = {
			isa = PBXNativeTarget;
			buildConfigurationList = 7004B95F1C44154500583D09 /* Build configuration list for PBXNativeTarget "StegotweetTests" */;
			buildPhases = (
				7004B9441C44154500583D09 /* Sources */,
				7004B9451C44154500583D09 /* Frameworks */,
				7004B9461C44154500583D09 /* Resources */,
			);
			buildRules = (
			);
			dependencies = (
				7004B94A1C44154500583D09 /* PBXTargetDependency */,
			);
			name = StegotweetTests;
			productName = StegotweetTests;
			productReference = 7004B9481C44154500583D09 /* StegotweetTests.xctest */;
			productType = "com.apple.product-type.bundle.unit-test";
		};
		7004B9521C44154500583D09 /* StegotweetUITests */ = {
			isa = PBXNativeTarget;
			buildConfigurationList = 7004B9621C44154500583D09 /* Build configuration list for PBXNativeTarget "StegotweetUITests" */;
			buildPhases = (
				7004B94F1C44154500583D09 /* Sources */,
				7004B9501C44154500583D09 /* Frameworks */,
				7004B9511C44154500583D09 /* Resources */,
			);
			buildRules = (
			);
			dependencies = (
				7004B9551C44154500583D09 /* PBXTargetDependency */,
			);
			name = StegotweetUITests;
			productName = StegotweetUITests;
			productReference = 7004B9531C44154500583D09 /* StegotweetUITests.xctest */;
			productType = "com.apple.product-type.bundle.ui-testing";
		};
/* End PBXNativeTarget section */

/* Begin PBXProject section */
		7004B9291C44154500583D09 /* Project object */ = {
			isa = PBXProject;
			attributes = {
				LastSwiftUpdateCheck = 0720;
				LastUpgradeCheck = 0700;
				ORGANIZATIONNAME = "Terry McCartan";
				TargetAttributes = {
					7004B9301C44154500583D09 = {
						CreatedOnToolsVersion = 7.0.1;
					};
					7004B9471C44154500583D09 = {
						CreatedOnToolsVersion = 7.0.1;
						TestTargetID = 7004B9301C44154500583D09;
					};
					7004B9521C44154500583D09 = {
						CreatedOnToolsVersion = 7.0.1;
						TestTargetID = 7004B9301C44154500583D09;
					};
				};
			};
			buildConfigurationList = 7004B92C1C44154500583D09 /* Build configuration list for PBXProject "Stegotweet" */;
			compatibilityVersion = "Xcode 3.2";
			developmentRegion = English;
			hasScannedForEncodings = 0;
			knownRegions = (
				en,
				Base,
			);
			mainGroup = 7004B9281C44154500583D09;
			productRefGroup = 7004B9321C44154500583D09 /* Products */;
			projectDirPath = "";
			projectReferences = (
				{
					ProductGroup = 7096D4411CBA7A18003ACD60 /* Products */;
					ProjectRef = 7096D4401CBA7A18003ACD60 /* Heimdall.xcodeproj */;
				},
			);
			projectRoot = "";
			targets = (
				7004B9301C44154500583D09 /* Stegotweet */,
				7004B9471C44154500583D09 /* StegotweetTests */,
				7004B9521C44154500583D09 /* StegotweetUITests */,
			);
		};
/* End PBXProject section */

/* Begin PBXReferenceProxy section */
		7096D4481CBA7A18003ACD60 /* Heimdall.framework */ = {
			isa = PBXReferenceProxy;
			fileType = wrapper.framework;
			path = Heimdall.framework;
			remoteRef = 7096D4471CBA7A18003ACD60 /* PBXContainerItemProxy */;
			sourceTree = BUILT_PRODUCTS_DIR;
		};
		7096D44A1CBA7A18003ACD60 /* Heimdall.framework */ = {
			isa = PBXReferenceProxy;
			fileType = wrapper.framework;
			path = Heimdall.framework;
			remoteRef = 7096D4491CBA7A18003ACD60 /* PBXContainerItemProxy */;
			sourceTree = BUILT_PRODUCTS_DIR;
		};
		7096D44C1CBA7A18003ACD60 /* HeimdallTests.xctest */ = {
			isa = PBXReferenceProxy;
			fileType = wrapper.cfbundle;
			path = HeimdallTests.xctest;
			remoteRef = 7096D44B1CBA7A18003ACD60 /* PBXContainerItemProxy */;
			sourceTree = BUILT_PRODUCTS_DIR;
		};
		7096D44E1CBA7A18003ACD60 /* CommonCrypto.framework */ = {
			isa = PBXReferenceProxy;
			fileType = wrapper.framework;
			path = CommonCrypto.framework;
			remoteRef = 7096D44D1CBA7A18003ACD60 /* PBXContainerItemProxy */;
			sourceTree = BUILT_PRODUCTS_DIR;
		};
/* End PBXReferenceProxy section */

/* Begin PBXResourcesBuildPhase section */
		7004B92F1C44154500583D09 /* Resources */ = {
			isa = PBXResourcesBuildPhase;
			buildActionMask = 2147483647;
			files = (
				7004B9421C44154500583D09 /* LaunchScreen.storyboard in Resources */,
				7004B93F1C44154500583D09 /* Assets.xcassets in Resources */,
				7004B93A1C44154500583D09 /* Main.storyboard in Resources */,
				70271FD11C7BA9970079DD9B /* image.jpg in Resources */,
			);
			runOnlyForDeploymentPostprocessing = 0;
		};
		7004B9461C44154500583D09 /* Resources */ = {
			isa = PBXResourcesBuildPhase;
			buildActionMask = 2147483647;
			files = (
			);
			runOnlyForDeploymentPostprocessing = 0;
		};
		7004B9511C44154500583D09 /* Resources */ = {
			isa = PBXResourcesBuildPhase;
			buildActionMask = 2147483647;
			files = (
			);
			runOnlyForDeploymentPostprocessing = 0;
		};
/* End PBXResourcesBuildPhase section */

/* Begin PBXSourcesBuildPhase section */
		7004B92D1C44154500583D09 /* Sources */ = {
			isa = PBXSourcesBuildPhase;
			buildActionMask = 2147483647;
			files = (
				70BC85601C63CF9800018AFA /* ChatTVC.swift in Sources */,
				70FF637C1CC3FEF900F9E767 /* RightLockedTVC.swift in Sources */,
				7098306D1C6A31A3006E37CD /* Conversation.swift in Sources */,
				7096D4631CC3F15B003ACD60 /* UnlockedConversationVC.swift in Sources */,
				7096D43D1CB98D25003ACD60 /* EmojiConverter.swift in Sources */,
				70FF637A1CC3FE6500F9E767 /* LeftLockedTVC.swift in Sources */,
				70271FCF1C7B74840079DD9B /* CIStegoFilter.swift in Sources */,
				70BC85581C63CF4000018AFA /* ConversationVC.swift in Sources */,
				70BC855C1C63CF7000018AFA /* ImageDecipherVC.swift in Sources */,
				7096D4611CC3F149003ACD60 /* LockedConversationVC.swift in Sources */,
				709830721C6A3AA8006E37CD /* ConversationTVCell.swift in Sources */,
				7004B9351C44154500583D09 /* AppDelegate.swift in Sources */,
				70BC855E1C63CF8000018AFA /* ImageEmbedderVC.swift in Sources */,
				709830741C6A69FF006E37CD /* TweetTVCell.swift in Sources */,
				7098306F1C6A32A5006E37CD /* Line.swift in Sources */,
				709830761C6C7FE5006E37CD /* NewTweetVC.swift in Sources */,
				7096D43F1CB99620003ACD60 /* PublicKeyHelper.swift in Sources */,
				7098306A1C6A2EA0006E37CD /* TwitterAPI.swift in Sources */,
				7004B93D1C44154500583D09 /* Stegotweet.xcdatamodeld in Sources */,
			);
			runOnlyForDeploymentPostprocessing = 0;
		};
		7004B9441C44154500583D09 /* Sources */ = {
			isa = PBXSourcesBuildPhase;
			buildActionMask = 2147483647;
			files = (
				7004B94D1C44154500583D09 /* StegotweetTests.swift in Sources */,
			);
			runOnlyForDeploymentPostprocessing = 0;
		};
		7004B94F1C44154500583D09 /* Sources */ = {
			isa = PBXSourcesBuildPhase;
			buildActionMask = 2147483647;
			files = (
				7004B9581C44154500583D09 /* StegotweetUITests.swift in Sources */,
			);
			runOnlyForDeploymentPostprocessing = 0;
		};
/* End PBXSourcesBuildPhase section */

/* Begin PBXTargetDependency section */
		7004B94A1C44154500583D09 /* PBXTargetDependency */ = {
			isa = PBXTargetDependency;
			target = 7004B9301C44154500583D09 /* Stegotweet */;
			targetProxy = 7004B9491C44154500583D09 /* PBXContainerItemProxy */;
		};
		7004B9551C44154500583D09 /* PBXTargetDependency */ = {
			isa = PBXTargetDependency;
			target = 7004B9301C44154500583D09 /* Stegotweet */;
			targetProxy = 7004B9541C44154500583D09 /* PBXContainerItemProxy */;
		};
		7096D4511CBA7A73003ACD60 /* PBXTargetDependency */ = {
			isa = PBXTargetDependency;
			name = Heimdall;
			targetProxy = 7096D4501CBA7A73003ACD60 /* PBXContainerItemProxy */;
		};
/* End PBXTargetDependency section */

/* Begin PBXVariantGroup section */
		7004B9381C44154500583D09 /* Main.storyboard */ = {
			isa = PBXVariantGroup;
			children = (
				7004B9391C44154500583D09 /* Base */,
			);
			name = Main.storyboard;
			sourceTree = "<group>";
		};
		7004B9401C44154500583D09 /* LaunchScreen.storyboard */ = {
			isa = PBXVariantGroup;
			children = (
				7004B9411C44154500583D09 /* Base */,
			);
			name = LaunchScreen.storyboard;
			sourceTree = "<group>";
		};
/* End PBXVariantGroup section */

/* Begin XCBuildConfiguration section */
		7004B95A1C44154500583D09 /* Debug */ = {
			isa = XCBuildConfiguration;
			buildSettings = {
				ALWAYS_SEARCH_USER_PATHS = NO;
				CLANG_CXX_LANGUAGE_STANDARD = "gnu++0x";
				CLANG_CXX_LIBRARY = "libc++";
				CLANG_ENABLE_MODULES = YES;
				CLANG_ENABLE_OBJC_ARC = YES;
				CLANG_WARN_BOOL_CONVERSION = YES;
				CLANG_WARN_CONSTANT_CONVERSION = YES;
				CLANG_WARN_DIRECT_OBJC_ISA_USAGE = YES_ERROR;
				CLANG_WARN_EMPTY_BODY = YES;
				CLANG_WARN_ENUM_CONVERSION = YES;
				CLANG_WARN_INT_CONVERSION = YES;
				CLANG_WARN_OBJC_ROOT_CLASS = YES_ERROR;
				CLANG_WARN_UNREACHABLE_CODE = YES;
				CLANG_WARN__DUPLICATE_METHOD_MATCH = YES;
				"CODE_SIGN_IDENTITY[sdk=iphoneos*]" = "iPhone Developer";
				COPY_PHASE_STRIP = NO;
				DEBUG_INFORMATION_FORMAT = dwarf;
				ENABLE_STRICT_OBJC_MSGSEND = YES;
				ENABLE_TESTABILITY = YES;
				GCC_C_LANGUAGE_STANDARD = gnu99;
				GCC_DYNAMIC_NO_PIC = NO;
				GCC_NO_COMMON_BLOCKS = YES;
				GCC_OPTIMIZATION_LEVEL = 0;
				GCC_PREPROCESSOR_DEFINITIONS = (
					"DEBUG=1",
					"$(inherited)",
				);
				GCC_WARN_64_TO_32_BIT_CONVERSION = YES;
				GCC_WARN_ABOUT_RETURN_TYPE = YES_ERROR;
				GCC_WARN_UNDECLARED_SELECTOR = YES;
				GCC_WARN_UNINITIALIZED_AUTOS = YES_AGGRESSIVE;
				GCC_WARN_UNUSED_FUNCTION = YES;
				GCC_WARN_UNUSED_VARIABLE = YES;
				IPHONEOS_DEPLOYMENT_TARGET = 9.0;
				MTL_ENABLE_DEBUG_INFO = YES;
				ONLY_ACTIVE_ARCH = YES;
				SDKROOT = iphoneos;
				SWIFT_OPTIMIZATION_LEVEL = "-Onone";
				TARGETED_DEVICE_FAMILY = "1,2";
			};
			name = Debug;
		};
		7004B95B1C44154500583D09 /* Release */ = {
			isa = XCBuildConfiguration;
			buildSettings = {
				ALWAYS_SEARCH_USER_PATHS = NO;
				CLANG_CXX_LANGUAGE_STANDARD = "gnu++0x";
				CLANG_CXX_LIBRARY = "libc++";
				CLANG_ENABLE_MODULES = YES;
				CLANG_ENABLE_OBJC_ARC = YES;
				CLANG_WARN_BOOL_CONVERSION = YES;
				CLANG_WARN_CONSTANT_CONVERSION = YES;
				CLANG_WARN_DIRECT_OBJC_ISA_USAGE = YES_ERROR;
				CLANG_WARN_EMPTY_BODY = YES;
				CLANG_WARN_ENUM_CONVERSION = YES;
				CLANG_WARN_INT_CONVERSION = YES;
				CLANG_WARN_OBJC_ROOT_CLASS = YES_ERROR;
				CLANG_WARN_UNREACHABLE_CODE = YES;
				CLANG_WARN__DUPLICATE_METHOD_MATCH = YES;
				"CODE_SIGN_IDENTITY[sdk=iphoneos*]" = "iPhone Developer";
				COPY_PHASE_STRIP = NO;
				DEBUG_INFORMATION_FORMAT = "dwarf-with-dsym";
				ENABLE_NS_ASSERTIONS = NO;
				ENABLE_STRICT_OBJC_MSGSEND = YES;
				GCC_C_LANGUAGE_STANDARD = gnu99;
				GCC_NO_COMMON_BLOCKS = YES;
				GCC_WARN_64_TO_32_BIT_CONVERSION = YES;
				GCC_WARN_ABOUT_RETURN_TYPE = YES_ERROR;
				GCC_WARN_UNDECLARED_SELECTOR = YES;
				GCC_WARN_UNINITIALIZED_AUTOS = YES_AGGRESSIVE;
				GCC_WARN_UNUSED_FUNCTION = YES;
				GCC_WARN_UNUSED_VARIABLE = YES;
				IPHONEOS_DEPLOYMENT_TARGET = 9.0;
				MTL_ENABLE_DEBUG_INFO = NO;
				SDKROOT = iphoneos;
				TARGETED_DEVICE_FAMILY = "1,2";
				VALIDATE_PRODUCT = YES;
			};
			name = Release;
		};
		7004B95D1C44154500583D09 /* Debug */ = {
			isa = XCBuildConfiguration;
			buildSettings = {
				ASSETCATALOG_COMPILER_APPICON_NAME = AppIcon;
				CLANG_ENABLE_MODULES = YES;
				INFOPLIST_FILE = Stegotweet/Info.plist;
				LD_RUNPATH_SEARCH_PATHS = "$(inherited) @executable_path/Frameworks";
				PRODUCT_BUNDLE_IDENTIFIER = ucd.Stegotweet;
				PRODUCT_NAME = "$(TARGET_NAME)";
				SWIFT_OPTIMIZATION_LEVEL = "-Onone";
			};
			name = Debug;
		};
		7004B95E1C44154500583D09 /* Release */ = {
			isa = XCBuildConfiguration;
			buildSettings = {
				ASSETCATALOG_COMPILER_APPICON_NAME = AppIcon;
				CLANG_ENABLE_MODULES = YES;
				INFOPLIST_FILE = Stegotweet/Info.plist;
				LD_RUNPATH_SEARCH_PATHS = "$(inherited) @executable_path/Frameworks";
				PRODUCT_BUNDLE_IDENTIFIER = ucd.Stegotweet;
				PRODUCT_NAME = "$(TARGET_NAME)";
			};
			name = Release;
		};
		7004B9601C44154500583D09 /* Debug */ = {
			isa = XCBuildConfiguration;
			buildSettings = {
				BUNDLE_LOADER = "$(TEST_HOST)";
				INFOPLIST_FILE = StegotweetTests/Info.plist;
				LD_RUNPATH_SEARCH_PATHS = "$(inherited) @executable_path/Frameworks @loader_path/Frameworks";
				PRODUCT_BUNDLE_IDENTIFIER = ucd.StegotweetTests;
				PRODUCT_NAME = "$(TARGET_NAME)";
				TEST_HOST = "$(BUILT_PRODUCTS_DIR)/Stegotweet.app/Stegotweet";
			};
			name = Debug;
		};
		7004B9611C44154500583D09 /* Release */ = {
			isa = XCBuildConfiguration;
			buildSettings = {
				BUNDLE_LOADER = "$(TEST_HOST)";
				INFOPLIST_FILE = StegotweetTests/Info.plist;
				LD_RUNPATH_SEARCH_PATHS = "$(inherited) @executable_path/Frameworks @loader_path/Frameworks";
				PRODUCT_BUNDLE_IDENTIFIER = ucd.StegotweetTests;
				PRODUCT_NAME = "$(TARGET_NAME)";
				TEST_HOST = "$(BUILT_PRODUCTS_DIR)/Stegotweet.app/Stegotweet";
			};
			name = Release;
		};
		7004B9631C44154500583D09 /* Debug */ = {
			isa = XCBuildConfiguration;
			buildSettings = {
				INFOPLIST_FILE = StegotweetUITests/Info.plist;
				LD_RUNPATH_SEARCH_PATHS = "$(inherited) @executable_path/Frameworks @loader_path/Frameworks";
				PRODUCT_BUNDLE_IDENTIFIER = ucd.StegotweetUITests;
				PRODUCT_NAME = "$(TARGET_NAME)";
				TEST_TARGET_NAME = Stegotweet;
				USES_XCTRUNNER = YES;
			};
			name = Debug;
		};
		7004B9641C44154500583D09 /* Release */ = {
			isa = XCBuildConfiguration;
			buildSettings = {
				INFOPLIST_FILE = StegotweetUITests/Info.plist;
				LD_RUNPATH_SEARCH_PATHS = "$(inherited) @executable_path/Frameworks @loader_path/Frameworks";
				PRODUCT_BUNDLE_IDENTIFIER = ucd.StegotweetUITests;
				PRODUCT_NAME = "$(TARGET_NAME)";
				TEST_TARGET_NAME = Stegotweet;
				USES_XCTRUNNER = YES;
			};
			name = Release;
		};
/* End XCBuildConfiguration section */

/* Begin XCConfigurationList section */
		7004B92C1C44154500583D09 /* Build configuration list for PBXProject "Stegotweet" */ = {
			isa = XCConfigurationList;
			buildConfigurations = (
				7004B95A1C44154500583D09 /* Debug */,
				7004B95B1C44154500583D09 /* Release */,
			);
			defaultConfigurationIsVisible = 0;
			defaultConfigurationName = Release;
		};
		7004B95C1C44154500583D09 /* Build configuration list for PBXNativeTarget "Stegotweet" */ = {
			isa = XCConfigurationList;
			buildConfigurations = (
				7004B95D1C44154500583D09 /* Debug */,
				7004B95E1C44154500583D09 /* Release */,
			);
			defaultConfigurationIsVisible = 0;
			defaultConfigurationName = Release;
		};
		7004B95F1C44154500583D09 /* Build configuration list for PBXNativeTarget "StegotweetTests" */ = {
			isa = XCConfigurationList;
			buildConfigurations = (
				7004B9601C44154500583D09 /* Debug */,
				7004B9611C44154500583D09 /* Release */,
			);
			defaultConfigurationIsVisible = 0;
			defaultConfigurationName = Release;
		};
		7004B9621C44154500583D09 /* Build configuration list for PBXNativeTarget "StegotweetUITests" */ = {
			isa = XCConfigurationList;
			buildConfigurations = (
				7004B9631C44154500583D09 /* Debug */,
				7004B9641C44154500583D09 /* Release */,
			);
			defaultConfigurationIsVisible = 0;
			defaultConfigurationName = Release;
		};
/* End XCConfigurationList section */

/* Begin XCVersionGroup section */
		7004B93B1C44154500583D09 /* Stegotweet.xcdatamodeld */ = {
			isa = XCVersionGroup;
			children = (
				7004B93C1C44154500583D09 /* Stegotweet.xcdatamodel */,
			);
			currentVersion = 7004B93C1C44154500583D09 /* Stegotweet.xcdatamodel */;
			path = Stegotweet.xcdatamodeld;
			sourceTree = "<group>";
			versionGroupType = wrapper.xcdatamodel;
		};
/* End XCVersionGroup section */
	};
	rootObject = 7004B9291C44154500583D09 /* Project object */;
}
